{
  "name": "nft-trends",
  "version": "1.0.0",
  "lockfileVersion": 1,
  "requires": true,
  "dependencies": {
    "@types/node": {
      "version": "16.6.1",
      "resolved": "https://registry.npmjs.org/@types/node/-/node-16.6.1.tgz",
      "integrity": "sha512-Sr7BhXEAer9xyGuCN3Ek9eg9xPviCF2gfu9kTfuU2HkTVAMYSDeX40fvpmo72n5nansg3nsBjuQBrsS28r+NUw==",
      "dev": true
    },
    "google-trends-api": {
      "version": "4.9.2",
      "resolved": "https://registry.npmjs.org/google-trends-api/-/google-trends-api-4.9.2.tgz",
      "integrity": "sha512-gjVSHCM8B7LyAAUpXb4B0/TfnmpwQ2z1w/mQ2bL0AKpr2j3gLS1j2YOnifpfsGJRxAGXB/NoC+nGwC5qSnZIiA=="
    }
  }
}
